
Microsoft Visual Studio Solution File, Format Version 12.00
# Visual Studio Version 17
VisualStudioVersion = 17.13.35818.85
MinimumVisualStudioVersion = 10.0.40219.1
Project("{FAE04EC0-301F-11D3-BF4B-00C04F79EFBC}") = "SPP.Web", "SPP.Web\SPP.Web.csproj", "{235F63FD-4712-44DF-9C7D-33971919C41F}"
	ProjectSection(ProjectDependencies) = postProject
		{38CB1270-09C9-4BB0-B401-EC89C57A9C5F} = {38CB1270-09C9-4BB0-B401-EC89C57A9C5F}
		{845D8CF8-5E27-4D19-98A4-CD2E61845350} = {845D8CF8-5E27-4D19-98A4-CD2E61845350}
		{B1161850-D22E-540A-B450-CB6B7F0DAB2E} = {B1161850-D22E-540A-B450-CB6B7F0DAB2E}
	EndProjectSection
EndProject
Project("{FAE04EC0-301F-11D3-BF4B-00C04F79EFBC}") = "SPP.Data", "SPP.Data\SPP.Data.csproj", "{B1161850-D22E-540A-B450-CB6B7F0DAB2E}"
	ProjectSection(ProjectDependencies) = postProject
		{38CB1270-09C9-4BB0-B401-EC89C57A9C5F} = {38CB1270-09C9-4BB0-B401-EC89C57A9C5F}
	EndProjectSection
EndProject
Project("{FAE04EC0-301F-11D3-BF4B-00C04F79EFBC}") = "SPP.ViewModels", "SPP.ViewModels\SPP.ViewModels.csproj", "{4851C0AA-025C-B6FF-BE68-95BA5B6819E6}"
	ProjectSection(ProjectDependencies) = postProject
		{38CB1270-09C9-4BB0-B401-EC89C57A9C5F} = {38CB1270-09C9-4BB0-B401-EC89C57A9C5F}
	EndProjectSection
EndProject
Project("{FAE04EC0-301F-11D3-BF4B-00C04F79EFBC}") = "SPP.Common", "SPP.Common\SPP.Common.csproj", "{38CB1270-09C9-4BB0-B401-EC89C57A9C5F}"
EndProject
Project("{FAE04EC0-301F-11D3-BF4B-00C04F79EFBC}") = "SPP.Services", "SPP.Services\SPP.Services.csproj", "{845D8CF8-5E27-4D19-98A4-CD2E61845350}"
	ProjectSection(ProjectDependencies) = postProject
		{38CB1270-09C9-4BB0-B401-EC89C57A9C5F} = {38CB1270-09C9-4BB0-B401-EC89C57A9C5F}
	EndProjectSection
EndProject
Global
	GlobalSection(SolutionConfigurationPlatforms) = preSolution
		Debug|Any CPU = Debug|Any CPU
		Release|Any CPU = Release|Any CPU
	EndGlobalSection
	GlobalSection(ProjectConfigurationPlatforms) = postSolution
		{235F63FD-4712-44DF-9C7D-33971919C41F}.Debug|Any CPU.ActiveCfg = Debug|Any CPU
		{235F63FD-4712-44DF-9C7D-33971919C41F}.Debug|Any CPU.Build.0 = Debug|Any CPU
		{235F63FD-4712-44DF-9C7D-33971919C41F}.Release|Any CPU.ActiveCfg = Release|Any CPU
		{235F63FD-4712-44DF-9C7D-33971919C41F}.Release|Any CPU.Build.0 = Release|Any CPU
		{B1161850-D22E-540A-B450-CB6B7F0DAB2E}.Debug|Any CPU.ActiveCfg = Debug|Any CPU
		{B1161850-D22E-540A-B450-CB6B7F0DAB2E}.Debug|Any CPU.Build.0 = Debug|Any CPU
		{B1161850-D22E-540A-B450-CB6B7F0DAB2E}.Release|Any CPU.ActiveCfg = Release|Any CPU
		{B1161850-D22E-540A-B450-CB6B7F0DAB2E}.Release|Any CPU.Build.0 = Release|Any CPU
		{4851C0AA-025C-B6FF-BE68-95BA5B6819E6}.Debug|Any CPU.ActiveCfg = Debug|Any CPU
		{4851C0AA-025C-B6FF-BE68-95BA5B6819E6}.Debug|Any CPU.Build.0 = Debug|Any CPU
		{4851C0AA-025C-B6FF-BE68-95BA5B6819E6}.Release|Any CPU.ActiveCfg = Release|Any CPU
		{4851C0AA-025C-B6FF-BE68-95BA5B6819E6}.Release|Any CPU.Build.0 = Release|Any CPU
		{38CB1270-09C9-4BB0-B401-EC89C57A9C5F}.Debug|Any CPU.ActiveCfg = Debug|Any CPU
		{38CB1270-09C9-4BB0-B401-EC89C57A9C5F}.Debug|Any CPU.Build.0 = Debug|Any CPU
		{38CB1270-09C9-4BB0-B401-EC89C57A9C5F}.Release|Any CPU.ActiveCfg = Release|Any CPU
		{38CB1270-09C9-4BB0-B401-EC89C57A9C5F}.Release|Any CPU.Build.0 = Release|Any CPU
		{845D8CF8-5E27-4D19-98A4-CD2E61845350}.Debug|Any CPU.ActiveCfg = Debug|Any CPU
		{845D8CF8-5E27-4D19-98A4-CD2E61845350}.Debug|Any CPU.Build.0 = Debug|Any CPU
		{845D8CF8-5E27-4D19-98A4-CD2E61845350}.Release|Any CPU.ActiveCfg = Release|Any CPU
		{845D8CF8-5E27-4D19-98A4-CD2E61845350}.Release|Any CPU.Build.0 = Release|Any CPU
	EndGlobalSection
	GlobalSection(SolutionProperties) = preSolution
		HideSolutionNode = FALSE
	EndGlobalSection
	GlobalSection(ExtensibilityGlobals) = postSolution
		SolutionGuid = {57C46DD4-294E-4B9B-8688-276F1B344B0D}
	EndGlobalSection
EndGlobal
